{
  "version": 4,
  "terraform_version": "0.12.24",
  "serial": 524,
  "lineage": "8def4c1a-85ca-8b0c-39ed-07d4c44096aa",
  "outputs": {},
  "resources": [
    {
      "mode": "managed",
      "type": "digitalocean_domain",
      "name": "default",
      "provider": "provider.digitalocean",
      "instances": [
        {
          "schema_version": 0,
          "attributes": {
            "id": "thor1.test",
            "ip_address": null,
            "name": "thor1.test",
            "urn": "do:domain:thor1.test"
          },
          "private": "bnVsbA=="
        }
      ]
    },
    {
      "mode": "managed",
      "type": "digitalocean_droplet",
      "name": "config_servers",
      "each": "list",
      "provider": "provider.digitalocean",
      "instances": [
        {
          "index_key": 0,
          "schema_version": 1,
          "attributes": {
            "backups": false,
            "created_at": "2020-05-15T05:13:00Z",
            "disk": 160,
            "id": "192361457",
            "image": "centos-7-x64",
            "ipv4_address": "128.199.249.226",
            "ipv4_address_private": "10.104.0.10",
            "ipv6": false,
            "ipv6_address": "",
            "ipv6_address_private": null,
            "locked": false,
            "memory": 8192,
            "monitoring": false,
            "name": "cfgsvr-1",
            "price_hourly": 0.05952,
            "price_monthly": 40,
            "private_networking": true,
            "region": "sgp1",
            "resize_disk": true,
            "size": "s-4vcpu-8gb",
            "ssh_keys": [
              "27394348"
            ],
            "status": "active",
            "tags": [
              "cfgsvr",
              "mongodb"
            ],
            "urn": "do:droplet:192361457",
            "user_data": "462dd3558b78c997e1385c1a3078b1a0abc03edb",
            "vcpus": 4,
            "volume_ids": [
              "bd38b802-966a-11ea-81e9-0a58ac14a2a7"
            ],
            "vpc_uuid": "0af24dbc-9bec-428d-8e89-824733248c9c"
          },
          "private": "eyJzY2hlbWFfdmVyc2lvbiI6IjEifQ==",
          "dependencies": [
            "digitalocean_domain.default",
            "digitalocean_ssh_key.local",
            "digitalocean_volume.config_servers"
          ]
        },
        {
          "index_key": 1,
          "schema_version": 1,
          "attributes": {
            "backups": false,
            "created_at": "2020-05-15T05:13:00Z",
            "disk": 160,
            "id": "192361458",
            "image": "centos-7-x64",
            "ipv4_address": "128.199.249.184",
            "ipv4_address_private": "10.104.0.8",
            "ipv6": false,
            "ipv6_address": "",
            "ipv6_address_private": null,
            "locked": false,
            "memory": 8192,
            "monitoring": false,
            "name": "cfgsvr-2",
            "price_hourly": 0.05952,
            "price_monthly": 40,
            "private_networking": true,
            "region": "sgp1",
            "resize_disk": true,
            "size": "s-4vcpu-8gb",
            "ssh_keys": [
              "27394348"
            ],
            "status": "active",
            "tags": [
              "cfgsvr",
              "mongodb"
            ],
            "urn": "do:droplet:192361458",
            "user_data": "462dd3558b78c997e1385c1a3078b1a0abc03edb",
            "vcpus": 4,
            "volume_ids": [
              "bd2a7b8b-966a-11ea-a9f1-0a58ac14a16d"
            ],
            "vpc_uuid": "0af24dbc-9bec-428d-8e89-824733248c9c"
          },
          "private": "eyJzY2hlbWFfdmVyc2lvbiI6IjEifQ==",
          "dependencies": [
            "digitalocean_domain.default",
            "digitalocean_ssh_key.local",
            "digitalocean_volume.config_servers"
          ]
        },
        {
          "index_key": 2,
          "schema_version": 1,
          "attributes": {
            "backups": false,
            "created_at": "2020-05-15T05:13:00Z",
            "disk": 160,
            "id": "192361456",
            "image": "centos-7-x64",
            "ipv4_address": "128.199.248.250",
            "ipv4_address_private": "10.104.0.5",
            "ipv6": false,
            "ipv6_address": "",
            "ipv6_address_private": null,
            "locked": false,
            "memory": 8192,
            "monitoring": false,
            "name": "cfgsvr-3",
            "price_hourly": 0.05952,
            "price_monthly": 40,
            "private_networking": true,
            "region": "sgp1",
            "resize_disk": true,
            "size": "s-4vcpu-8gb",
            "ssh_keys": [
              "27394348"
            ],
            "status": "active",
            "tags": [
              "cfgsvr",
              "mongodb"
            ],
            "urn": "do:droplet:192361456",
            "user_data": "462dd3558b78c997e1385c1a3078b1a0abc03edb",
            "vcpus": 4,
            "volume_ids": [
              "bd961991-966a-11ea-b136-0a58ac14a2d1"
            ],
            "vpc_uuid": "0af24dbc-9bec-428d-8e89-824733248c9c"
          },
          "private": "eyJzY2hlbWFfdmVyc2lvbiI6IjEifQ==",
          "dependencies": [
            "digitalocean_domain.default",
            "digitalocean_ssh_key.local",
            "digitalocean_volume.config_servers"
          ]
        }
      ]
    },
    {
      "mode": "managed",
      "type": "digitalocean_droplet",
      "name": "mongo_shard_1",
      "each": "list",
      "provider": "provider.digitalocean",
      "instances": [
        {
          "index_key": 0,
          "schema_version": 1,
          "attributes": {
            "backups": false,
            "created_at": "2020-05-15T05:13:01Z",
            "disk": 160,
            "id": "192361459",
            "image": "centos-7-x64",
            "ipv4_address": "128.199.249.192",
            "ipv4_address_private": "10.104.0.9",
            "ipv6": false,
            "ipv6_address": "",
            "ipv6_address_private": null,
            "locked": false,
            "memory": 8192,
            "monitoring": false,
            "name": "mongo-shard-1-1",
            "price_hourly": 0.05952,
            "price_monthly": 40,
            "private_networking": true,
            "region": "sgp1",
            "resize_disk": true,
            "size": "s-4vcpu-8gb",
            "ssh_keys": [
              "27394348"
            ],
            "status": "active",
            "tags": [
              "app01RS",
              "mongodb"
            ],
            "urn": "do:droplet:192361459",
            "user_data": "462dd3558b78c997e1385c1a3078b1a0abc03edb",
            "vcpus": 4,
            "volume_ids": [
              "bd38a3bd-966a-11ea-9920-0a58ac14a1c3"
            ],
            "vpc_uuid": "0af24dbc-9bec-428d-8e89-824733248c9c"
          },
          "private": "eyJzY2hlbWFfdmVyc2lvbiI6IjEifQ==",
          "dependencies": [
            "digitalocean_domain.default",
            "digitalocean_ssh_key.local",
            "digitalocean_volume.mongo_shard_1"
          ]
        },
        {
          "index_key": 1,
          "schema_version": 1,
          "attributes": {
            "backups": false,
            "created_at": "2020-05-15T05:13:01Z",
            "disk": 160,
            "id": "192361460",
            "image": "centos-7-x64",
            "ipv4_address": "128.199.249.50",
            "ipv4_address_private": "10.104.0.7",
            "ipv6": false,
            "ipv6_address": "",
            "ipv6_address_private": null,
            "locked": false,
            "memory": 8192,
            "monitoring": false,
            "name": "mongo-shard-1-2",
            "price_hourly": 0.05952,
            "price_monthly": 40,
            "private_networking": true,
            "region": "sgp1",
            "resize_disk": true,
            "size": "s-4vcpu-8gb",
            "ssh_keys": [
              "27394348"
            ],
            "status": "active",
            "tags": [
              "app01RS",
              "mongodb"
            ],
            "urn": "do:droplet:192361460",
            "user_data": "462dd3558b78c997e1385c1a3078b1a0abc03edb",
            "vcpus": 4,
            "volume_ids": [
              "bd28dcb4-966a-11ea-b136-0a58ac14a2d1"
            ],
            "vpc_uuid": "0af24dbc-9bec-428d-8e89-824733248c9c"
          },
          "private": "eyJzY2hlbWFfdmVyc2lvbiI6IjEifQ==",
          "dependencies": [
            "digitalocean_domain.default",
            "digitalocean_ssh_key.local",
            "digitalocean_volume.mongo_shard_1"
          ]
        }
      ]
    },
    {
      "mode": "managed",
      "type": "digitalocean_droplet",
      "name": "mongo_shard_2",
      "each": "list",
      "provider": "provider.digitalocean",
      "instances": [
        {
          "index_key": 0,
          "schema_version": 1,
          "attributes": {
            "backups": false,
            "created_at": "2020-05-15T05:12:59Z",
            "disk": 160,
            "id": "192361455",
            "image": "centos-7-x64",
            "ipv4_address": "178.128.116.150",
            "ipv4_address_private": "10.104.0.3",
            "ipv6": false,
            "ipv6_address": "",
            "ipv6_address_private": null,
            "locked": false,
            "memory": 8192,
            "monitoring": false,
            "name": "mongo-shard-2-1",
            "price_hourly": 0.05952,
            "price_monthly": 40,
            "private_networking": true,
            "region": "sgp1",
            "resize_disk": true,
            "size": "s-4vcpu-8gb",
            "ssh_keys": [
              "27394348"
            ],
            "status": "active",
            "tags": [
              "app02RS",
              "mongodb"
            ],
            "urn": "do:droplet:192361455",
            "user_data": "462dd3558b78c997e1385c1a3078b1a0abc03edb",
            "vcpus": 4,
            "volume_ids": [
              "bd271a4f-966a-11ea-832e-0a58ac14a25d"
            ],
            "vpc_uuid": "0af24dbc-9bec-428d-8e89-824733248c9c"
          },
          "private": "eyJzY2hlbWFfdmVyc2lvbiI6IjEifQ==",
          "dependencies": [
            "digitalocean_domain.default",
            "digitalocean_ssh_key.local",
            "digitalocean_volume.mongo_shard_2"
          ]
        },
        {
          "index_key": 1,
          "schema_version": 1,
          "attributes": {
            "backups": false,
            "created_at": "2020-05-15T05:12:59Z",
            "disk": 160,
            "id": "192361454",
            "image": "centos-7-x64",
            "ipv4_address": "104.248.149.70",
            "ipv4_address_private": "10.104.0.6",
            "ipv6": false,
            "ipv6_address": "",
            "ipv6_address_private": null,
            "locked": false,
            "memory": 8192,
            "monitoring": false,
            "name": "mongo-shard-2-2",
            "price_hourly": 0.05952,
            "price_monthly": 40,
            "private_networking": true,
            "region": "sgp1",
            "resize_disk": true,
            "size": "s-4vcpu-8gb",
            "ssh_keys": [
              "27394348"
            ],
            "status": "active",
            "tags": [
              "app02RS",
              "mongodb"
            ],
            "urn": "do:droplet:192361454",
            "user_data": "462dd3558b78c997e1385c1a3078b1a0abc03edb",
            "vcpus": 4,
            "volume_ids": [
              "bd283df0-966a-11ea-81e9-0a58ac14a2a7"
            ],
            "vpc_uuid": "0af24dbc-9bec-428d-8e89-824733248c9c"
          },
          "private": "eyJzY2hlbWFfdmVyc2lvbiI6IjEifQ==",
          "dependencies": [
            "digitalocean_domain.default",
            "digitalocean_ssh_key.local",
            "digitalocean_volume.mongo_shard_2"
          ]
        }
      ]
    },
    {
      "mode": "managed",
      "type": "digitalocean_droplet",
      "name": "mongos",
      "each": "list",
      "provider": "provider.digitalocean",
      "instances": [
        {
          "index_key": 0,
          "schema_version": 1,
          "attributes": {
            "backups": false,
            "created_at": "2020-05-15T05:12:59Z",
            "disk": 160,
            "id": "192361452",
            "image": "centos-7-x64",
            "ipv4_address": "159.65.140.24",
            "ipv4_address_private": "10.104.0.2",
            "ipv6": false,
            "ipv6_address": "",
            "ipv6_address_private": null,
            "locked": false,
            "memory": 8192,
            "monitoring": false,
            "name": "mongos-1",
            "price_hourly": 0.05952,
            "price_monthly": 40,
            "private_networking": true,
            "region": "sgp1",
            "resize_disk": true,
            "size": "s-4vcpu-8gb",
            "ssh_keys": [
              "27394348"
            ],
            "status": "active",
            "tags": [
              "mongodb",
              "mongos"
            ],
            "urn": "do:droplet:192361452",
            "user_data": "462dd3558b78c997e1385c1a3078b1a0abc03edb",
            "vcpus": 4,
            "volume_ids": [],
            "vpc_uuid": "0af24dbc-9bec-428d-8e89-824733248c9c"
          },
          "private": "eyJzY2hlbWFfdmVyc2lvbiI6IjEifQ==",
          "dependencies": [
            "digitalocean_domain.default",
            "digitalocean_ssh_key.local"
          ]
        },
        {
          "index_key": 1,
          "schema_version": 1,
          "attributes": {
            "backups": false,
            "created_at": "2020-05-15T05:12:59Z",
            "disk": 160,
            "id": "192361453",
            "image": "centos-7-x64",
            "ipv4_address": "178.128.115.52",
            "ipv4_address_private": "10.104.0.4",
            "ipv6": false,
            "ipv6_address": "",
            "ipv6_address_private": null,
            "locked": false,
            "memory": 8192,
            "monitoring": false,
            "name": "mongos-2",
            "price_hourly": 0.05952,
            "price_monthly": 40,
            "private_networking": true,
            "region": "sgp1",
            "resize_disk": true,
            "size": "s-4vcpu-8gb",
            "ssh_keys": [
              "27394348"
            ],
            "status": "active",
            "tags": [
              "mongodb",
              "mongos"
            ],
            "urn": "do:droplet:192361453",
            "user_data": "462dd3558b78c997e1385c1a3078b1a0abc03edb",
            "vcpus": 4,
            "volume_ids": [],
            "vpc_uuid": "0af24dbc-9bec-428d-8e89-824733248c9c"
          },
          "private": "eyJzY2hlbWFfdmVyc2lvbiI6IjEifQ==",
          "dependencies": [
            "digitalocean_domain.default",
            "digitalocean_ssh_key.local"
          ]
        }
      ]
    },
    {
      "mode": "managed",
      "type": "digitalocean_firewall",
      "name": "mongodb-firewall",
      "provider": "provider.digitalocean",
      "instances": [
        {
          "schema_version": 0,
          "attributes": {
            "created_at": null,
            "droplet_ids": [
              192361452,
              192361453
            ],
            "id": "9e52a1eb-c48f-4f37-b88d-fb39a8430b0e",
            "inbound_rule": [
              {
                "port_range": "",
                "protocol": "icmp",
                "source_addresses": [
                  "0.0.0.0/0"
                ],
                "source_droplet_ids": [],
                "source_load_balancer_uids": [],
                "source_tags": []
              },
              {
                "port_range": "22",
                "protocol": "tcp",
                "source_addresses": [
                  "0.0.0.0/0"
                ],
                "source_droplet_ids": [],
                "source_load_balancer_uids": [],
                "source_tags": []
              },
              {
                "port_range": "27017",
                "protocol": "tcp",
                "source_addresses": [
                  "0.0.0.0/0"
                ],
                "source_droplet_ids": [],
                "source_load_balancer_uids": [],
                "source_tags": []
              },
              {
                "port_range": "42000-42001",
                "protocol": "tcp",
                "source_addresses": [
                  "0.0.0.0/0"
                ],
                "source_droplet_ids": [],
                "source_load_balancer_uids": [],
                "source_tags": []
              },
              {
                "port_range": "443",
                "protocol": "tcp",
                "source_addresses": [
                  "0.0.0.0/0"
                ],
                "source_droplet_ids": [],
                "source_load_balancer_uids": [],
                "source_tags": []
              },
              {
                "port_range": "80",
                "protocol": "tcp",
                "source_addresses": [
                  "0.0.0.0/0"
                ],
                "source_droplet_ids": [],
                "source_load_balancer_uids": [],
                "source_tags": []
              },
              {
                "port_range": "all",
                "protocol": "tcp",
                "source_addresses": [
                  "10.104.0.0/20"
                ],
                "source_droplet_ids": [],
                "source_load_balancer_uids": [],
                "source_tags": []
              },
              {
                "port_range": "all",
                "protocol": "udp",
                "source_addresses": [
                  "10.104.0.0/20"
                ],
                "source_droplet_ids": [],
                "source_load_balancer_uids": [],
                "source_tags": []
              }
            ],
            "name": "mongodb-firewall",
            "outbound_rule": [
              {
                "destination_addresses": [
                  "0.0.0.0/0"
                ],
                "destination_droplet_ids": [],
                "destination_load_balancer_uids": [],
                "destination_tags": [],
                "port_range": "all",
                "protocol": "tcp"
              },
              {
                "destination_addresses": [
                  "0.0.0.0/0"
                ],
                "destination_droplet_ids": [],
                "destination_load_balancer_uids": [],
                "destination_tags": [],
                "port_range": "all",
                "protocol": "udp"
              }
            ],
            "pending_changes": [
              {
                "droplet_id": 192361452,
                "removing": false,
                "status": "waiting"
              },
              {
                "droplet_id": 192361453,
                "removing": false,
                "status": "waiting"
              }
            ],
            "status": "waiting",
            "tags": null
          },
          "private": "bnVsbA==",
          "dependencies": [
            "digitalocean_domain.default",
            "digitalocean_droplet.mongos",
            "digitalocean_ssh_key.local"
          ]
        }
      ]
    },
    {
      "mode": "managed",
      "type": "digitalocean_ssh_key",
      "name": "local",
      "provider": "provider.digitalocean",
      "instances": [
        {
          "schema_version": 0,
          "attributes": {
            "fingerprint": "ff:89:19:b2:c4:f0:38:3c:3a:aa:a9:7b:e3:24:2e:74",
            "id": "27394348",
            "name": "bh_pixelbook",
            "public_key": "ssh-rsa AAAAB3NzaC1yc2EAAAADAQABAAACAQDHoLXsIctHrbgXWzLq9GRoNYuemFdJFs5cBVOhb/JitqEC1H8f8zL4hTPCPwfKK19b97LUZ+WmCgpyJNBX5EdO0GsBMhHND6tiXpSnDf7LObT9cAFKd4uo2Pdb2hBjBKWkSye10R/UBsb0iPH84DBgCuv+VyubyvyxZmwX5ajJHtU2C997YBZms8C/YYtJem/WRFGXpwMxYtL5x25CFyjju1S7Nb9AAkJYhEItH4Ts7bA8AI2e7VQGPYxE8e2FhVqd5LTfR/owRqOT10pqdiOCZuBFe8HW9L/lwc85h6ub9ZgTYpPJ1Y02KzHDj/Q9fqz7sjTnab3KEN3hxtsRaRc7DK3vlNf0AtzgtrIWZPY1LgkveHBNCN/j2TGHS0YrST/opVm1wXVXzrN+yjUSXdR1765YolKiLmRaRjepKnTQl6tiCfs+OWHEznmCSiPHELgbgjW84xzWgUsEcjs5abaxpl2/Jc5BGI0X0AcTFpL7xVzyhueBy0v/nv9ipvSejgq/O0mG4FoL6rTQPOHOQTUdjCsx5eMnAwVgJ5MQq3Yo/9/UEvUUUPyjqry8zGwnmibThhCmUGMn6cD/a8DkNk9pA793y6t8D7iYoB8G4K/DZ/2kyKceryfhU2WzlG7JtvRNFDHgcTQK7enEdqWUOvyJVXmY/292Pnj3P7WXX2tStw== pixelbook"
          },
          "private": "bnVsbA=="
        }
      ]
    },
    {
      "mode": "managed",
      "type": "digitalocean_volume",
      "name": "config_servers",
      "each": "list",
      "provider": "provider.digitalocean",
      "instances": [
        {
          "index_key": 0,
          "schema_version": 0,
          "attributes": {
            "description": "persistent data for config server",
            "droplet_ids": [],
            "filesystem_label": null,
            "filesystem_type": null,
            "id": "bd38b802-966a-11ea-81e9-0a58ac14a2a7",
            "initial_filesystem_label": "mongodata",
            "initial_filesystem_type": null,
            "name": "vol-cfgsvr-1",
            "region": "sgp1",
            "size": 50,
            "snapshot_id": null,
            "tags": null,
            "urn": "do:volume:bd38b802-966a-11ea-81e9-0a58ac14a2a7"
          },
          "private": "bnVsbA=="
        },
        {
          "index_key": 1,
          "schema_version": 0,
          "attributes": {
            "description": "persistent data for config server",
            "droplet_ids": [],
            "filesystem_label": null,
            "filesystem_type": null,
            "id": "bd2a7b8b-966a-11ea-a9f1-0a58ac14a16d",
            "initial_filesystem_label": "mongodata",
            "initial_filesystem_type": null,
            "name": "vol-cfgsvr-2",
            "region": "sgp1",
            "size": 50,
            "snapshot_id": null,
            "tags": null,
            "urn": "do:volume:bd2a7b8b-966a-11ea-a9f1-0a58ac14a16d"
          },
          "private": "bnVsbA=="
        },
        {
          "index_key": 2,
          "schema_version": 0,
          "attributes": {
            "description": "persistent data for config server",
            "droplet_ids": [],
            "filesystem_label": null,
            "filesystem_type": null,
            "id": "bd961991-966a-11ea-b136-0a58ac14a2d1",
            "initial_filesystem_label": "mongodata",
            "initial_filesystem_type": null,
            "name": "vol-cfgsvr-3",
            "region": "sgp1",
            "size": 50,
            "snapshot_id": null,
            "tags": null,
            "urn": "do:volume:bd961991-966a-11ea-b136-0a58ac14a2d1"
          },
          "private": "bnVsbA=="
        }
      ]
    },
    {
      "mode": "managed",
      "type": "digitalocean_volume",
      "name": "mongo_shard_1",
      "each": "list",
      "provider": "provider.digitalocean",
      "instances": [
        {
          "index_key": 0,
          "schema_version": 0,
          "attributes": {
            "description": "persistent data for config server",
            "droplet_ids": [],
            "filesystem_label": null,
            "filesystem_type": null,
            "id": "bd38a3bd-966a-11ea-9920-0a58ac14a1c3",
            "initial_filesystem_label": "mongodata",
            "initial_filesystem_type": null,
            "name": "vol-mongo-shard-1-1",
            "region": "sgp1",
            "size": 50,
            "snapshot_id": null,
            "tags": null,
            "urn": "do:volume:bd38a3bd-966a-11ea-9920-0a58ac14a1c3"
          },
          "private": "bnVsbA=="
        },
        {
          "index_key": 1,
          "schema_version": 0,
          "attributes": {
            "description": "persistent data for config server",
            "droplet_ids": [],
            "filesystem_label": null,
            "filesystem_type": null,
            "id": "bd28dcb4-966a-11ea-b136-0a58ac14a2d1",
            "initial_filesystem_label": "mongodata",
            "initial_filesystem_type": null,
            "name": "vol-mongo-shard-1-2",
            "region": "sgp1",
            "size": 50,
            "snapshot_id": null,
            "tags": null,
            "urn": "do:volume:bd28dcb4-966a-11ea-b136-0a58ac14a2d1"
          },
          "private": "bnVsbA=="
        }
      ]
    },
    {
      "mode": "managed",
      "type": "digitalocean_volume",
      "name": "mongo_shard_2",
      "each": "list",
      "provider": "provider.digitalocean",
      "instances": [
        {
          "index_key": 0,
          "schema_version": 0,
          "attributes": {
            "description": "persistent data for config server",
            "droplet_ids": [],
            "filesystem_label": null,
            "filesystem_type": null,
            "id": "bd271a4f-966a-11ea-832e-0a58ac14a25d",
            "initial_filesystem_label": "mongodata",
            "initial_filesystem_type": null,
            "name": "vol-mongo-shard-2-1",
            "region": "sgp1",
            "size": 50,
            "snapshot_id": null,
            "tags": null,
            "urn": "do:volume:bd271a4f-966a-11ea-832e-0a58ac14a25d"
          },
          "private": "bnVsbA=="
        },
        {
          "index_key": 1,
          "schema_version": 0,
          "attributes": {
            "description": "persistent data for config server",
            "droplet_ids": [],
            "filesystem_label": null,
            "filesystem_type": null,
            "id": "bd283df0-966a-11ea-81e9-0a58ac14a2a7",
            "initial_filesystem_label": "mongodata",
            "initial_filesystem_type": null,
            "name": "vol-mongo-shard-2-2",
            "region": "sgp1",
            "size": 50,
            "snapshot_id": null,
            "tags": null,
            "urn": "do:volume:bd283df0-966a-11ea-81e9-0a58ac14a2a7"
          },
          "private": "bnVsbA=="
        }
      ]
    },
    {
      "mode": "managed",
      "type": "local_file",
      "name": "ansible_inventory",
      "provider": "provider.local",
      "instances": [
        {
          "schema_version": 0,
          "attributes": {
            "content": "\n[pmm_server]\nmongos-1.10.104.0.2.xip.io ansible_host=159.65.140.24\n\n[mongo_shard_1]\nmongo-shard-1-1.10.104.0.9.xip.io ansible_host=128.199.249.192 mongo_data_local_file_mount_lvm_pvs=/dev/disk/by-id/scsi-0DO_Volume_vol-mongo-shard-1-1\nmongo-shard-1-2.10.104.0.7.xip.io ansible_host=128.199.249.50 arbiter_for_replica_set=mongo_shard_2 mongo_data_local_file_mount_lvm_pvs=/dev/disk/by-id/scsi-0DO_Volume_vol-mongo-shard-1-2\n\n[mongo_shard_1:vars]\nreplica_set_name=app01RS\n\n\n[mongo_shard_2]\nmongo-shard-2-1.10.104.0.3.xip.io ansible_host=178.128.116.150 mongo_data_local_file_mount_lvm_pvs=/dev/disk/by-id/scsi-0DO_Volume_vol-mongo-shard-2-1\nmongo-shard-2-2.10.104.0.6.xip.io ansible_host=104.248.149.70 arbiter_for_replica_set=mongo_shard_1 mongo_data_local_file_mount_lvm_pvs=/dev/disk/by-id/scsi-0DO_Volume_vol-mongo-shard-2-2\n\n[mongo_shard_2:vars]\nreplica_set_name=app02RS\n\n\n[mongo_shards:children]\nmongo_shard_1\nmongo_shard_2\n\n[mongos]\n# mongos are also known as query routers\nmongos-1.10.104.0.2.xip.io ansible_host=159.65.140.24\nmongos-2.10.104.0.4.xip.io ansible_host=178.128.115.52\n\n[config_servers]\ncfgsvr-1.10.104.0.10.xip.io ansible_host=128.199.249.226 mongo_data_local_file_mount_lvm_pvs=/dev/disk/by-id/scsi-0DO_Volume_vol-cfgsvr-1\ncfgsvr-2.10.104.0.8.xip.io ansible_host=128.199.249.184 mongo_data_local_file_mount_lvm_pvs=/dev/disk/by-id/scsi-0DO_Volume_vol-cfgsvr-2\ncfgsvr-3.10.104.0.5.xip.io ansible_host=128.199.248.250 mongo_data_local_file_mount_lvm_pvs=/dev/disk/by-id/scsi-0DO_Volume_vol-cfgsvr-3\n\n########################################################\n\n[mongodb_cluster:children]\nmongos\nconfig_servers\nmongo_shards\n\n\n[all:vars]\nansible_python_interpreter=/usr/bin/python3\nansible_connection=ssh\nansible_ssh_common_args='-o StrictHostKeyChecking=no'\n\n",
            "content_base64": null,
            "directory_permission": "0777",
            "file_permission": "0664",
            "filename": "../ansible/inventory",
            "id": "1e7184d5b672aaf5396e98fd07fee302dfb421dc",
            "sensitive_content": null
          },
          "private": "bnVsbA==",
          "dependencies": [
            "digitalocean_domain.default",
            "digitalocean_droplet.config_servers",
            "digitalocean_droplet.mongo_shard_1",
            "digitalocean_droplet.mongo_shard_2",
            "digitalocean_droplet.mongos",
            "digitalocean_ssh_key.local",
            "digitalocean_volume.config_servers",
            "digitalocean_volume.mongo_shard_1",
            "digitalocean_volume.mongo_shard_2"
          ]
        }
      ]
    }
  ]
}
