{
  "version": 4,
  "terraform_version": "0.12.24",
  "serial": 130,
  "lineage": "8def4c1a-85ca-8b0c-39ed-07d4c44096aa",
  "outputs": {},
  "resources": [
    {
      "mode": "managed",
      "type": "digitalocean_droplet",
      "name": "config_servers",
      "each": "list",
      "provider": "provider.digitalocean",
      "instances": [
        {
          "index_key": 0,
          "schema_version": 1,
          "attributes": {
            "backups": false,
            "created_at": "2020-05-04T03:06:36Z",
            "disk": 160,
            "id": "190918479",
            "image": "centos-7-x64",
            "ipv4_address": "167.71.204.211",
            "ipv4_address_private": "",
            "ipv6": false,
            "ipv6_address": "",
            "ipv6_address_private": null,
            "locked": false,
            "memory": 8192,
            "monitoring": false,
            "name": "cfgsvr-1",
            "price_hourly": 0.05952,
            "price_monthly": 40,
            "private_networking": false,
            "region": "sgp1",
            "resize_disk": true,
            "size": "s-4vcpu-8gb",
            "ssh_keys": [
              "27293655"
            ],
            "status": "active",
            "tags": [
              "cfgsvr",
              "mongodb"
            ],
            "urn": "do:droplet:190918479",
            "user_data": null,
            "vcpus": 4,
            "volume_ids": [],
            "vpc_uuid": ""
          },
          "private": "eyJzY2hlbWFfdmVyc2lvbiI6IjEifQ==",
          "dependencies": [
            "digitalocean_ssh_key.local"
          ]
        },
        {
          "index_key": 1,
          "schema_version": 1,
          "attributes": {
            "backups": false,
            "created_at": "2020-05-04T03:06:36Z",
            "disk": 160,
            "id": "190918475",
            "image": "centos-7-x64",
            "ipv4_address": "167.71.204.24",
            "ipv4_address_private": "",
            "ipv6": false,
            "ipv6_address": "",
            "ipv6_address_private": null,
            "locked": false,
            "memory": 8192,
            "monitoring": false,
            "name": "cfgsvr-2",
            "price_hourly": 0.05952,
            "price_monthly": 40,
            "private_networking": false,
            "region": "sgp1",
            "resize_disk": true,
            "size": "s-4vcpu-8gb",
            "ssh_keys": [
              "27293655"
            ],
            "status": "active",
            "tags": [
              "cfgsvr",
              "mongodb"
            ],
            "urn": "do:droplet:190918475",
            "user_data": null,
            "vcpus": 4,
            "volume_ids": [],
            "vpc_uuid": ""
          },
          "private": "eyJzY2hlbWFfdmVyc2lvbiI6IjEifQ==",
          "dependencies": [
            "digitalocean_ssh_key.local"
          ]
        },
        {
          "index_key": 2,
          "schema_version": 1,
          "attributes": {
            "backups": false,
            "created_at": "2020-05-04T03:06:36Z",
            "disk": 160,
            "id": "190918474",
            "image": "centos-7-x64",
            "ipv4_address": "167.71.204.98",
            "ipv4_address_private": "",
            "ipv6": false,
            "ipv6_address": "",
            "ipv6_address_private": null,
            "locked": false,
            "memory": 8192,
            "monitoring": false,
            "name": "cfgsvr-3",
            "price_hourly": 0.05952,
            "price_monthly": 40,
            "private_networking": false,
            "region": "sgp1",
            "resize_disk": true,
            "size": "s-4vcpu-8gb",
            "ssh_keys": [
              "27293655"
            ],
            "status": "active",
            "tags": [
              "cfgsvr",
              "mongodb"
            ],
            "urn": "do:droplet:190918474",
            "user_data": null,
            "vcpus": 4,
            "volume_ids": [],
            "vpc_uuid": ""
          },
          "private": "eyJzY2hlbWFfdmVyc2lvbiI6IjEifQ==",
          "dependencies": [
            "digitalocean_ssh_key.local"
          ]
        }
      ]
    },
    {
      "mode": "managed",
      "type": "digitalocean_droplet",
      "name": "mongo_shard_1",
      "each": "list",
      "provider": "provider.digitalocean",
      "instances": [
        {
          "index_key": 0,
          "schema_version": 1,
          "attributes": {
            "backups": false,
            "created_at": "2020-05-04T03:06:37Z",
            "disk": 160,
            "id": "190918482",
            "image": "centos-7-x64",
            "ipv4_address": "167.71.204.91",
            "ipv4_address_private": "",
            "ipv6": false,
            "ipv6_address": "",
            "ipv6_address_private": null,
            "locked": false,
            "memory": 8192,
            "monitoring": false,
            "name": "mongo-shard-1-1",
            "price_hourly": 0.05952,
            "price_monthly": 40,
            "private_networking": false,
            "region": "sgp1",
            "resize_disk": true,
            "size": "s-4vcpu-8gb",
            "ssh_keys": [
              "27293655"
            ],
            "status": "active",
            "tags": [
              "app01RS",
              "mongodb"
            ],
            "urn": "do:droplet:190918482",
            "user_data": null,
            "vcpus": 4,
            "volume_ids": [],
            "vpc_uuid": ""
          },
          "private": "eyJzY2hlbWFfdmVyc2lvbiI6IjEifQ==",
          "dependencies": [
            "digitalocean_ssh_key.local"
          ]
        },
        {
          "index_key": 1,
          "schema_version": 1,
          "attributes": {
            "backups": false,
            "created_at": "2020-05-04T03:06:36Z",
            "disk": 160,
            "id": "190918476",
            "image": "centos-7-x64",
            "ipv4_address": "167.71.204.79",
            "ipv4_address_private": "",
            "ipv6": false,
            "ipv6_address": "",
            "ipv6_address_private": null,
            "locked": false,
            "memory": 8192,
            "monitoring": false,
            "name": "mongo-shard-1-2",
            "price_hourly": 0.05952,
            "price_monthly": 40,
            "private_networking": false,
            "region": "sgp1",
            "resize_disk": true,
            "size": "s-4vcpu-8gb",
            "ssh_keys": [
              "27293655"
            ],
            "status": "active",
            "tags": [
              "app01RS",
              "mongodb"
            ],
            "urn": "do:droplet:190918476",
            "user_data": null,
            "vcpus": 4,
            "volume_ids": [],
            "vpc_uuid": ""
          },
          "private": "eyJzY2hlbWFfdmVyc2lvbiI6IjEifQ==",
          "dependencies": [
            "digitalocean_ssh_key.local"
          ]
        }
      ]
    },
    {
      "mode": "managed",
      "type": "digitalocean_droplet",
      "name": "mongo_shard_2",
      "each": "list",
      "provider": "provider.digitalocean",
      "instances": [
        {
          "index_key": 0,
          "schema_version": 1,
          "attributes": {
            "backups": false,
            "created_at": "2020-05-04T03:06:37Z",
            "disk": 160,
            "id": "190918480",
            "image": "centos-7-x64",
            "ipv4_address": "178.128.111.228",
            "ipv4_address_private": "",
            "ipv6": false,
            "ipv6_address": "",
            "ipv6_address_private": null,
            "locked": false,
            "memory": 8192,
            "monitoring": false,
            "name": "mongo-shard-2-1",
            "price_hourly": 0.05952,
            "price_monthly": 40,
            "private_networking": false,
            "region": "sgp1",
            "resize_disk": true,
            "size": "s-4vcpu-8gb",
            "ssh_keys": [
              "27293655"
            ],
            "status": "active",
            "tags": [
              "app02RS",
              "mongodb"
            ],
            "urn": "do:droplet:190918480",
            "user_data": null,
            "vcpus": 4,
            "volume_ids": [],
            "vpc_uuid": ""
          },
          "private": "eyJzY2hlbWFfdmVyc2lvbiI6IjEifQ==",
          "dependencies": [
            "digitalocean_ssh_key.local"
          ]
        },
        {
          "index_key": 1,
          "schema_version": 1,
          "attributes": {
            "backups": false,
            "created_at": "2020-05-04T03:06:36Z",
            "disk": 160,
            "id": "190918478",
            "image": "centos-7-x64",
            "ipv4_address": "167.71.204.197",
            "ipv4_address_private": "",
            "ipv6": false,
            "ipv6_address": "",
            "ipv6_address_private": null,
            "locked": false,
            "memory": 8192,
            "monitoring": false,
            "name": "mongo-shard-2-2",
            "price_hourly": 0.05952,
            "price_monthly": 40,
            "private_networking": false,
            "region": "sgp1",
            "resize_disk": true,
            "size": "s-4vcpu-8gb",
            "ssh_keys": [
              "27293655"
            ],
            "status": "active",
            "tags": [
              "app02RS",
              "mongodb"
            ],
            "urn": "do:droplet:190918478",
            "user_data": null,
            "vcpus": 4,
            "volume_ids": [],
            "vpc_uuid": ""
          },
          "private": "eyJzY2hlbWFfdmVyc2lvbiI6IjEifQ==",
          "dependencies": [
            "digitalocean_ssh_key.local"
          ]
        }
      ]
    },
    {
      "mode": "managed",
      "type": "digitalocean_droplet",
      "name": "mongos",
      "each": "list",
      "provider": "provider.digitalocean",
      "instances": [
        {
          "index_key": 0,
          "schema_version": 1,
          "attributes": {
            "backups": false,
            "created_at": "2020-05-04T03:06:37Z",
            "disk": 160,
            "id": "190918481",
            "image": "centos-7-x64",
            "ipv4_address": "68.183.231.106",
            "ipv4_address_private": "",
            "ipv6": false,
            "ipv6_address": "",
            "ipv6_address_private": null,
            "locked": false,
            "memory": 8192,
            "monitoring": false,
            "name": "mongos-1",
            "price_hourly": 0.05952,
            "price_monthly": 40,
            "private_networking": false,
            "region": "sgp1",
            "resize_disk": true,
            "size": "s-4vcpu-8gb",
            "ssh_keys": [
              "27293655"
            ],
            "status": "active",
            "tags": [
              "mongodb",
              "mongos"
            ],
            "urn": "do:droplet:190918481",
            "user_data": null,
            "vcpus": 4,
            "volume_ids": [],
            "vpc_uuid": ""
          },
          "private": "eyJzY2hlbWFfdmVyc2lvbiI6IjEifQ==",
          "dependencies": [
            "digitalocean_ssh_key.local"
          ]
        },
        {
          "index_key": 1,
          "schema_version": 1,
          "attributes": {
            "backups": false,
            "created_at": "2020-05-04T03:06:36Z",
            "disk": 160,
            "id": "190918477",
            "image": "centos-7-x64",
            "ipv4_address": "167.71.204.151",
            "ipv4_address_private": "",
            "ipv6": false,
            "ipv6_address": "",
            "ipv6_address_private": null,
            "locked": false,
            "memory": 8192,
            "monitoring": false,
            "name": "mongos-2",
            "price_hourly": 0.05952,
            "price_monthly": 40,
            "private_networking": false,
            "region": "sgp1",
            "resize_disk": true,
            "size": "s-4vcpu-8gb",
            "ssh_keys": [
              "27293655"
            ],
            "status": "active",
            "tags": [
              "mongodb",
              "mongos"
            ],
            "urn": "do:droplet:190918477",
            "user_data": null,
            "vcpus": 4,
            "volume_ids": [],
            "vpc_uuid": ""
          },
          "private": "eyJzY2hlbWFfdmVyc2lvbiI6IjEifQ==",
          "dependencies": [
            "digitalocean_ssh_key.local"
          ]
        }
      ]
    },
    {
      "mode": "managed",
      "type": "digitalocean_firewall",
      "name": "mongodb-firewall",
      "provider": "provider.digitalocean",
      "instances": [
        {
          "schema_version": 0,
          "attributes": {
            "created_at": null,
            "droplet_ids": [
              190918477,
              190918481
            ],
            "id": "9f5529b3-5c4e-4e09-b8a0-260e9accf5e4",
            "inbound_rule": [
              {
                "port_range": "22",
                "protocol": "tcp",
                "source_addresses": [
                  "0.0.0.0/0"
                ],
                "source_droplet_ids": [],
                "source_load_balancer_uids": [],
                "source_tags": []
              },
              {
                "port_range": "27017",
                "protocol": "tcp",
                "source_addresses": [
                  "0.0.0.0/0"
                ],
                "source_droplet_ids": [],
                "source_load_balancer_uids": [],
                "source_tags": []
              }
            ],
            "name": "mongodb-firewall",
            "outbound_rule": [
              {
                "destination_addresses": [
                  "0.0.0.0/0"
                ],
                "destination_droplet_ids": [],
                "destination_load_balancer_uids": [],
                "destination_tags": [],
                "port_range": "all",
                "protocol": "tcp"
              },
              {
                "destination_addresses": [
                  "0.0.0.0/0"
                ],
                "destination_droplet_ids": [],
                "destination_load_balancer_uids": [],
                "destination_tags": [],
                "port_range": "all",
                "protocol": "udp"
              }
            ],
            "pending_changes": [
              {
                "droplet_id": 190918477,
                "removing": false,
                "status": "waiting"
              },
              {
                "droplet_id": 190918481,
                "removing": false,
                "status": "waiting"
              }
            ],
            "status": "waiting",
            "tags": null
          },
          "private": "bnVsbA==",
          "dependencies": [
            "digitalocean_droplet.mongos",
            "digitalocean_ssh_key.local"
          ]
        }
      ]
    },
    {
      "mode": "managed",
      "type": "digitalocean_ssh_key",
      "name": "local",
      "provider": "provider.digitalocean",
      "instances": [
        {
          "schema_version": 0,
          "attributes": {
            "fingerprint": "ff:89:19:b2:c4:f0:38:3c:3a:aa:a9:7b:e3:24:2e:74",
            "id": "27293655",
            "name": "bh_pixelbook",
            "public_key": "ssh-rsa AAAAB3NzaC1yc2EAAAADAQABAAACAQDHoLXsIctHrbgXWzLq9GRoNYuemFdJFs5cBVOhb/JitqEC1H8f8zL4hTPCPwfKK19b97LUZ+WmCgpyJNBX5EdO0GsBMhHND6tiXpSnDf7LObT9cAFKd4uo2Pdb2hBjBKWkSye10R/UBsb0iPH84DBgCuv+VyubyvyxZmwX5ajJHtU2C997YBZms8C/YYtJem/WRFGXpwMxYtL5x25CFyjju1S7Nb9AAkJYhEItH4Ts7bA8AI2e7VQGPYxE8e2FhVqd5LTfR/owRqOT10pqdiOCZuBFe8HW9L/lwc85h6ub9ZgTYpPJ1Y02KzHDj/Q9fqz7sjTnab3KEN3hxtsRaRc7DK3vlNf0AtzgtrIWZPY1LgkveHBNCN/j2TGHS0YrST/opVm1wXVXzrN+yjUSXdR1765YolKiLmRaRjepKnTQl6tiCfs+OWHEznmCSiPHELgbgjW84xzWgUsEcjs5abaxpl2/Jc5BGI0X0AcTFpL7xVzyhueBy0v/nv9ipvSejgq/O0mG4FoL6rTQPOHOQTUdjCsx5eMnAwVgJ5MQq3Yo/9/UEvUUUPyjqry8zGwnmibThhCmUGMn6cD/a8DkNk9pA793y6t8D7iYoB8G4K/DZ/2kyKceryfhU2WzlG7JtvRNFDHgcTQK7enEdqWUOvyJVXmY/292Pnj3P7WXX2tStw== pixelbook"
          },
          "private": "bnVsbA=="
        }
      ]
    },
    {
      "mode": "managed",
      "type": "local_file",
      "name": "ansible_inventory",
      "provider": "provider.local",
      "instances": [
        {
          "schema_version": 0,
          "attributes": {
            "content": "\n[mongo-shard-1]\nmongo-shard-1-1 ansible_host=167.71.204.91 \nmongo-shard-1-2 ansible_host=167.71.204.79  arbiter_replica_set_name=app02RS \n\n[mongo-shard-1:vars]\nreplica_set_name=app01RS\n\n\n[mongo-shard-2]\nmongo-shard-2-1 ansible_host=178.128.111.228 \nmongo-shard-2-2 ansible_host=167.71.204.197  arbiter_replica_set_name=app01RS \n\n[mongo-shard-2:vars]\nreplica_set_name=app02RS\n\n\n[mongo-shards:children]\nmongo-shard-1\nmongo-shard-2\n\n[mongos]\n# mongos are also known as query routers\nmongos-1 ansible_host=68.183.231.106\nmongos-2 ansible_host=167.71.204.151\n\n[config-servers]\ncfgsvr-1 ansible_host=167.71.204.211\ncfgsvr-2 ansible_host=167.71.204.24\ncfgsvr-3 ansible_host=167.71.204.98\n\n########################################################\n\n[mongodb-cluster:children]\nmongos\nconfig-servers\nmongo-shards\n\n\n[all:vars]\nansible_python_interpreter=/usr/bin/python3\nansible_connection=ssh\nansible_ssh_common_args='-o StrictHostKeyChecking=no'\n\n",
            "content_base64": null,
            "directory_permission": "0777",
            "file_permission": "0664",
            "filename": "./inventory",
            "id": "7be255e865b84fc7559ef1311b89f6f136c518f8",
            "sensitive_content": null
          },
          "private": "bnVsbA==",
          "dependencies": [
            "digitalocean_droplet.config_servers",
            "digitalocean_droplet.mongo_shard_1",
            "digitalocean_droplet.mongo_shard_2",
            "digitalocean_droplet.mongos",
            "digitalocean_ssh_key.local"
          ]
        }
      ]
    }
  ]
}
